
Microsoft Visual Studio Solution File, Format Version 12.00
# Visual Studio Version 16
VisualStudioVersion = 16.0.32002.261
MinimumVisualStudioVersion = 10.0.40219.1
Project("{9A19103F-16F7-4668-BE54-9A1E7A4F7556}") = "AssetManagement.UI", "AssetManagement.UI\AssetManagement.UI.csproj", "{B413FC5E-EDB3-4ED6-8FC2-52B5EDC10900}"
EndProject
Project("{9A19103F-16F7-4668-BE54-9A1E7A4F7556}") = "AssetManagement.Core", "AssetManagement.Core\AssetManagement.Core.csproj", "{CDF71945-8240-40DA-9698-EDFD54E6F0BA}"
EndProject
Project("{9A19103F-16F7-4668-BE54-9A1E7A4F7556}") = "AssetManagement.DAL", "AssetManagement.DAL\AssetManagement.DAL.csproj", "{31A02C0C-F615-431F-9771-B394E9638290}"
EndProject
Project("{9A19103F-16F7-4668-BE54-9A1E7A4F7556}") = "AssetManagement.Data", "AssetManagement.Data\AssetManagement.Data.csproj", "{5B3A513D-53DB-484B-9ABF-E2327785A08F}"
EndProject
Project("{9A19103F-16F7-4668-BE54-9A1E7A4F7556}") = "AssetManagement.DTO", "AssetManagement.DTO\AssetManagement.DTO.csproj", "{40AE894A-04C3-4B0A-8268-70C1C03A1A23}"
EndProject
Project("{FAE04EC0-301F-11D3-BF4B-00C04F79EFBC}") = "AssetManagement.API", "AssetManagement.API\AssetManagement.API.csproj", "{4FE3A560-1FD6-4A55-8F55-78D2D0D8F488}"
EndProject
Global
	GlobalSection(SolutionConfigurationPlatforms) = preSolution
		Debug|Any CPU = Debug|Any CPU
		Release|Any CPU = Release|Any CPU
	EndGlobalSection
	GlobalSection(ProjectConfigurationPlatforms) = postSolution
		{B413FC5E-EDB3-4ED6-8FC2-52B5EDC10900}.Debug|Any CPU.ActiveCfg = Debug|Any CPU
		{B413FC5E-EDB3-4ED6-8FC2-52B5EDC10900}.Debug|Any CPU.Build.0 = Debug|Any CPU
		{B413FC5E-EDB3-4ED6-8FC2-52B5EDC10900}.Release|Any CPU.ActiveCfg = Release|Any CPU
		{B413FC5E-EDB3-4ED6-8FC2-52B5EDC10900}.Release|Any CPU.Build.0 = Release|Any CPU
		{CDF71945-8240-40DA-9698-EDFD54E6F0BA}.Debug|Any CPU.ActiveCfg = Debug|Any CPU
		{CDF71945-8240-40DA-9698-EDFD54E6F0BA}.Debug|Any CPU.Build.0 = Debug|Any CPU
		{CDF71945-8240-40DA-9698-EDFD54E6F0BA}.Release|Any CPU.ActiveCfg = Release|Any CPU
		{CDF71945-8240-40DA-9698-EDFD54E6F0BA}.Release|Any CPU.Build.0 = Release|Any CPU
		{31A02C0C-F615-431F-9771-B394E9638290}.Debug|Any CPU.ActiveCfg = Debug|Any CPU
		{31A02C0C-F615-431F-9771-B394E9638290}.Debug|Any CPU.Build.0 = Debug|Any CPU
		{31A02C0C-F615-431F-9771-B394E9638290}.Release|Any CPU.ActiveCfg = Release|Any CPU
		{31A02C0C-F615-431F-9771-B394E9638290}.Release|Any CPU.Build.0 = Release|Any CPU
		{5B3A513D-53DB-484B-9ABF-E2327785A08F}.Debug|Any CPU.ActiveCfg = Debug|Any CPU
		{5B3A513D-53DB-484B-9ABF-E2327785A08F}.Debug|Any CPU.Build.0 = Debug|Any CPU
		{5B3A513D-53DB-484B-9ABF-E2327785A08F}.Release|Any CPU.ActiveCfg = Release|Any CPU
		{5B3A513D-53DB-484B-9ABF-E2327785A08F}.Release|Any CPU.Build.0 = Release|Any CPU
		{40AE894A-04C3-4B0A-8268-70C1C03A1A23}.Debug|Any CPU.ActiveCfg = Debug|Any CPU
		{40AE894A-04C3-4B0A-8268-70C1C03A1A23}.Debug|Any CPU.Build.0 = Debug|Any CPU
		{40AE894A-04C3-4B0A-8268-70C1C03A1A23}.Release|Any CPU.ActiveCfg = Release|Any CPU
		{40AE894A-04C3-4B0A-8268-70C1C03A1A23}.Release|Any CPU.Build.0 = Release|Any CPU
		{4FE3A560-1FD6-4A55-8F55-78D2D0D8F488}.Debug|Any CPU.ActiveCfg = Debug|Any CPU
		{4FE3A560-1FD6-4A55-8F55-78D2D0D8F488}.Debug|Any CPU.Build.0 = Debug|Any CPU
		{4FE3A560-1FD6-4A55-8F55-78D2D0D8F488}.Release|Any CPU.ActiveCfg = Release|Any CPU
		{4FE3A560-1FD6-4A55-8F55-78D2D0D8F488}.Release|Any CPU.Build.0 = Release|Any CPU
	EndGlobalSection
	GlobalSection(SolutionProperties) = preSolution
		HideSolutionNode = FALSE
	EndGlobalSection
	GlobalSection(ExtensibilityGlobals) = postSolution
		SolutionGuid = {09CE6CF0-AC23-4956-853F-9E81E56902D4}
	EndGlobalSection
EndGlobal
